// !$*UTF8*$!
{
	archiveVersion = 1;
	classes = {
	};
	objectVersion = 77;
	objects = {

/* Begin PBXBuildFile section */
		439F0F6E2D350EE100C3D3F4 /* Auth in Frameworks */ = {isa = PBXBuildFile; productRef = 439F0F6D2D350EE100C3D3F4 /* Auth */; };
		439F0F702D350EE100C3D3F4 /* Functions in Frameworks */ = {isa = PBXBuildFile; productRef = 439F0F6F2D350EE100C3D3F4 /* Functions */; };
		439F0F722D350EE100C3D3F4 /* PostgREST in Frameworks */ = {isa = PBXBuildFile; productRef = 439F0F712D350EE100C3D3F4 /* PostgREST */; };
		439F0F742D350EE100C3D3F4 /* Realtime in Frameworks */ = {isa = PBXBuildFile; productRef = 439F0F732D350EE100C3D3F4 /* Realtime */; };
		439F0F762D350EE100C3D3F4 /* Storage in Frameworks */ = {isa = PBXBuildFile; productRef = 439F0F752D350EE100C3D3F4 /* Storage */; };
		439F0F782D350EE100C3D3F4 /* Supabase in Frameworks */ = {isa = PBXBuildFile; productRef = 439F0F772D350EE100C3D3F4 /* Supabase */; };
		43CC498A2D8D6E85003CA625 /* Assets.xcassets in Resources */ = {isa = PBXBuildFile; fileRef = 43CC49892D8D6E85003CA625 /* Assets.xcassets */; };
		43E2CFC92DA35A0300E2B820 /* ComposableArchitecture in Frameworks */ = {isa = PBXBuildFile; productRef = 43E2CFC82DA35A0300E2B820 /* ComposableArchitecture */; };
/* End PBXBuildFile section */

/* Begin PBXContainerItemProxy section */
		433A04462CE4979200E73A8E /* PBXContainerItemProxy */ = {
			isa = PBXContainerItemProxy;
			containerPortal = 433A042D2CE4979100E73A8E /* Project object */;
			proxyType = 1;
			remoteGlobalIDString = 433A04342CE4979100E73A8E;
			remoteInfo = SelfPomodoro;
		};
		433A04502CE4979200E73A8E /* PBXContainerItemProxy */ = {
			isa = PBXContainerItemProxy;
			containerPortal = 433A042D2CE4979100E73A8E /* Project object */;
			proxyType = 1;
			remoteGlobalIDString = 433A04342CE4979100E73A8E;
			remoteInfo = SelfPomodoro;
		};
/* End PBXContainerItemProxy section */

/* Begin PBXFileReference section */
		433A04352CE4979100E73A8E /* SelfPomodoro.app */ = {isa = PBXFileReference; explicitFileType = wrapper.application; includeInIndex = 0; path = SelfPomodoro.app; sourceTree = BUILT_PRODUCTS_DIR; };
		433A04452CE4979200E73A8E /* SelfPomodoroTests.xctest */ = {isa = PBXFileReference; explicitFileType = wrapper.cfbundle; includeInIndex = 0; path = SelfPomodoroTests.xctest; sourceTree = BUILT_PRODUCTS_DIR; };
		433A044F2CE4979200E73A8E /* SelfPomodoroUITests.xctest */ = {isa = PBXFileReference; explicitFileType = wrapper.cfbundle; includeInIndex = 0; path = SelfPomodoroUITests.xctest; sourceTree = BUILT_PRODUCTS_DIR; };
		43CC49892D8D6E85003CA625 /* Assets.xcassets */ = {isa = PBXFileReference; lastKnownFileType = folder.assetcatalog; path = Assets.xcassets; sourceTree = "<group>"; };
/* End PBXFileReference section */

/* Begin PBXFileSystemSynchronizedRootGroup section */
		433A04372CE4979100E73A8E /* Sources */ = {
			isa = PBXFileSystemSynchronizedRootGroup;
			path = Sources;
			sourceTree = "<group>";
		};
		433A04482CE4979200E73A8E /* Tests */ = {
			isa = PBXFileSystemSynchronizedRootGroup;
			path = Tests;
			sourceTree = "<group>";
		};
		433A04522CE4979200E73A8E /* UITests */ = {
			isa = PBXFileSystemSynchronizedRootGroup;
			path = UITests;
			sourceTree = "<group>";
		};
		43685E1B2D80868C00F28BA8 /* Documentatioin */ = {
			isa = PBXFileSystemSynchronizedRootGroup;
			path = Documentatioin;
			sourceTree = "<group>";
		};
		43685E202D80882100F28BA8 /* Preview Content */ = {
			isa = PBXFileSystemSynchronizedRootGroup;
			path = "Preview Content";
			sourceTree = "<group>";
		};
		43E2CFBB2DA350D000E2B820 /* Features */ = {
			isa = PBXFileSystemSynchronizedRootGroup;
			path = Features;
			sourceTree = "<group>";
		};
/* End PBXFileSystemSynchronizedRootGroup section */

/* Begin PBXFrameworksBuildPhase section */
		433A04322CE4979100E73A8E /* Frameworks */ = {
			isa = PBXFrameworksBuildPhase;
			buildActionMask = 2147483647;
			files = (
				439F0F722D350EE100C3D3F4 /* PostgREST in Frameworks */,
				439F0F702D350EE100C3D3F4 /* Functions in Frameworks */,
				43E2CFC92DA35A0300E2B820 /* ComposableArchitecture in Frameworks */,
				439F0F782D350EE100C3D3F4 /* Supabase in Frameworks */,
				439F0F6E2D350EE100C3D3F4 /* Auth in Frameworks */,
				439F0F762D350EE100C3D3F4 /* Storage in Frameworks */,
				439F0F742D350EE100C3D3F4 /* Realtime in Frameworks */,
			);
			runOnlyForDeploymentPostprocessing = 0;
		};
		433A04422CE4979200E73A8E /* Frameworks */ = {
			isa = PBXFrameworksBuildPhase;
			buildActionMask = 2147483647;
			files = (
			);
			runOnlyForDeploymentPostprocessing = 0;
		};
		433A044C2CE4979200E73A8E /* Frameworks */ = {
			isa = PBXFrameworksBuildPhase;
			buildActionMask = 2147483647;
			files = (
			);
			runOnlyForDeploymentPostprocessing = 0;
		};
/* End PBXFrameworksBuildPhase section */

/* Begin PBXGroup section */
		433A042C2CE4979100E73A8E = {
			isa = PBXGroup;
			children = (
				43E2CFBB2DA350D000E2B820 /* Features */,
				43685E202D80882100F28BA8 /* Preview Content */,
				43685E1B2D80868C00F28BA8 /* Documentatioin */,
				433A04372CE4979100E73A8E /* Sources */,
				433A04482CE4979200E73A8E /* Tests */,
				433A04522CE4979200E73A8E /* UITests */,
				439F0F5D2D3506E600C3D3F4 /* Frameworks */,
				433A04362CE4979100E73A8E /* Products */,
				43CC49892D8D6E85003CA625 /* Assets.xcassets */,
			);
			sourceTree = "<group>";
		};
		433A04362CE4979100E73A8E /* Products */ = {
			isa = PBXGroup;
			children = (
				433A04352CE4979100E73A8E /* SelfPomodoro.app */,
				433A04452CE4979200E73A8E /* SelfPomodoroTests.xctest */,
				433A044F2CE4979200E73A8E /* SelfPomodoroUITests.xctest */,
			);
			name = Products;
			sourceTree = "<group>";
		};
		439F0F5D2D3506E600C3D3F4 /* Frameworks */ = {
			isa = PBXGroup;
			children = (
			);
			name = Frameworks;
			sourceTree = "<group>";
		};
/* End PBXGroup section */

/* Begin PBXNativeTarget section */
		433A04342CE4979100E73A8E /* SelfPomodoro */ = {
			isa = PBXNativeTarget;
			buildConfigurationList = 433A04592CE4979200E73A8E /* Build configuration list for PBXNativeTarget "SelfPomodoro" */;
			buildPhases = (
				433A04312CE4979100E73A8E /* Sources */,
				433A04322CE4979100E73A8E /* Frameworks */,
				433A04332CE4979100E73A8E /* Resources */,
			);
			buildRules = (
			);
			dependencies = (
			);
			fileSystemSynchronizedGroups = (
				433A04372CE4979100E73A8E /* Sources */,
				43685E1B2D80868C00F28BA8 /* Documentatioin */,
				43685E202D80882100F28BA8 /* Preview Content */,
				43E2CFBB2DA350D000E2B820 /* Features */,
			);
			name = SelfPomodoro;
			packageProductDependencies = (
				439F0F6D2D350EE100C3D3F4 /* Auth */,
				439F0F6F2D350EE100C3D3F4 /* Functions */,
				439F0F712D350EE100C3D3F4 /* PostgREST */,
				439F0F732D350EE100C3D3F4 /* Realtime */,
				439F0F752D350EE100C3D3F4 /* Storage */,
				439F0F772D350EE100C3D3F4 /* Supabase */,
				43E2CFC82DA35A0300E2B820 /* ComposableArchitecture */,
			);
			productName = SelfPomodoro;
			productReference = 433A04352CE4979100E73A8E /* SelfPomodoro.app */;
			productType = "com.apple.product-type.application";
		};
		433A04442CE4979200E73A8E /* SelfPomodoroTests */ = {
			isa = PBXNativeTarget;
			buildConfigurationList = 433A045C2CE4979200E73A8E /* Build configuration list for PBXNativeTarget "SelfPomodoroTests" */;
			buildPhases = (
				433A04412CE4979200E73A8E /* Sources */,
				433A04422CE4979200E73A8E /* Frameworks */,
				433A04432CE4979200E73A8E /* Resources */,
			);
			buildRules = (
			);
			dependencies = (
				433A04472CE4979200E73A8E /* PBXTargetDependency */,
			);
			fileSystemSynchronizedGroups = (
				433A04482CE4979200E73A8E /* Tests */,
			);
			name = SelfPomodoroTests;
			packageProductDependencies = (
			);
			productName = SelfPomodoroTests;
			productReference = 433A04452CE4979200E73A8E /* SelfPomodoroTests.xctest */;
			productType = "com.apple.product-type.bundle.unit-test";
		};
		433A044E2CE4979200E73A8E /* SelfPomodoroUITests */ = {
			isa = PBXNativeTarget;
			buildConfigurationList = 433A045F2CE4979200E73A8E /* Build configuration list for PBXNativeTarget "SelfPomodoroUITests" */;
			buildPhases = (
				433A044B2CE4979200E73A8E /* Sources */,
				433A044C2CE4979200E73A8E /* Frameworks */,
				433A044D2CE4979200E73A8E /* Resources */,
			);
			buildRules = (
			);
			dependencies = (
				433A04512CE4979200E73A8E /* PBXTargetDependency */,
			);
			fileSystemSynchronizedGroups = (
				433A04522CE4979200E73A8E /* UITests */,
			);
			name = SelfPomodoroUITests;
			packageProductDependencies = (
			);
			productName = SelfPomodoroUITests;
			productReference = 433A044F2CE4979200E73A8E /* SelfPomodoroUITests.xctest */;
			productType = "com.apple.product-type.bundle.ui-testing";
		};
/* End PBXNativeTarget section */

/* Begin PBXProject section */
		433A042D2CE4979100E73A8E /* Project object */ = {
			isa = PBXProject;
			attributes = {
				BuildIndependentTargetsInParallel = 1;
				LastSwiftUpdateCheck = 1600;
				LastUpgradeCheck = 1600;
				TargetAttributes = {
					433A04342CE4979100E73A8E = {
						CreatedOnToolsVersion = 16.0;
					};
					433A04442CE4979200E73A8E = {
						CreatedOnToolsVersion = 16.0;
						TestTargetID = 433A04342CE4979100E73A8E;
					};
					433A044E2CE4979200E73A8E = {
						CreatedOnToolsVersion = 16.0;
						TestTargetID = 433A04342CE4979100E73A8E;
					};
				};
			};
			buildConfigurationList = 433A04302CE4979100E73A8E /* Build configuration list for PBXProject "SelfPomodoro" */;
			developmentRegion = en;
			hasScannedForEncodings = 0;
			knownRegions = (
				en,
				Base,
			);
			mainGroup = 433A042C2CE4979100E73A8E;
			minimizedProjectReferenceProxies = 1;
			packageReferences = (
				439F0F6C2D350ED900C3D3F4 /* XCRemoteSwiftPackageReference "supabase-swift" */,
				43E2CFC72DA359F700E2B820 /* XCRemoteSwiftPackageReference "swift-composable-architecture" */,
			);
			preferredProjectObjectVersion = 77;
			productRefGroup = 433A04362CE4979100E73A8E /* Products */;
			projectDirPath = "";
			projectRoot = "";
			targets = (
				433A04342CE4979100E73A8E /* SelfPomodoro */,
				433A04442CE4979200E73A8E /* SelfPomodoroTests */,
				433A044E2CE4979200E73A8E /* SelfPomodoroUITests */,
			);
		};
/* End PBXProject section */

/* Begin PBXResourcesBuildPhase section */
		433A04332CE4979100E73A8E /* Resources */ = {
			isa = PBXResourcesBuildPhase;
			buildActionMask = 2147483647;
			files = (
				43CC498A2D8D6E85003CA625 /* Assets.xcassets in Resources */,
			);
			runOnlyForDeploymentPostprocessing = 0;
		};
		433A04432CE4979200E73A8E /* Resources */ = {
			isa = PBXResourcesBuildPhase;
			buildActionMask = 2147483647;
			files = (
			);
			runOnlyForDeploymentPostprocessing = 0;
		};
		433A044D2CE4979200E73A8E /* Resources */ = {
			isa = PBXResourcesBuildPhase;
			buildActionMask = 2147483647;
			files = (
			);
			runOnlyForDeploymentPostprocessing = 0;
		};
/* End PBXResourcesBuildPhase section */

/* Begin PBXSourcesBuildPhase section */
		433A04312CE4979100E73A8E /* Sources */ = {
			isa = PBXSourcesBuildPhase;
			buildActionMask = 2147483647;
			files = (
			);
			runOnlyForDeploymentPostprocessing = 0;
		};
		433A04412CE4979200E73A8E /* Sources */ = {
			isa = PBXSourcesBuildPhase;
			buildActionMask = 2147483647;
			files = (
			);
			runOnlyForDeploymentPostprocessing = 0;
		};
		433A044B2CE4979200E73A8E /* Sources */ = {
			isa = PBXSourcesBuildPhase;
			buildActionMask = 2147483647;
			files = (
			);
			runOnlyForDeploymentPostprocessing = 0;
		};
/* End PBXSourcesBuildPhase section */

/* Begin PBXTargetDependency section */
		433A04472CE4979200E73A8E /* PBXTargetDependency */ = {
			isa = PBXTargetDependency;
			target = 433A04342CE4979100E73A8E /* SelfPomodoro */;
			targetProxy = 433A04462CE4979200E73A8E /* PBXContainerItemProxy */;
		};
		433A04512CE4979200E73A8E /* PBXTargetDependency */ = {
			isa = PBXTargetDependency;
			target = 433A04342CE4979100E73A8E /* SelfPomodoro */;
			targetProxy = 433A04502CE4979200E73A8E /* PBXContainerItemProxy */;
		};
/* End PBXTargetDependency section */

/* Begin XCBuildConfiguration section */
		433A04572CE4979200E73A8E /* Debug */ = {
			isa = XCBuildConfiguration;
			buildSettings = {
				ALWAYS_SEARCH_USER_PATHS = NO;
				ASSETCATALOG_COMPILER_GENERATE_SWIFT_ASSET_SYMBOL_EXTENSIONS = YES;
				CLANG_ANALYZER_NONNULL = YES;
				CLANG_ANALYZER_NUMBER_OBJECT_CONVERSION = YES_AGGRESSIVE;
				CLANG_CXX_LANGUAGE_STANDARD = "gnu++20";
				CLANG_ENABLE_MODULES = YES;
				CLANG_ENABLE_OBJC_ARC = YES;
				CLANG_ENABLE_OBJC_WEAK = YES;
				CLANG_WARN_BLOCK_CAPTURE_AUTORELEASING = YES;
				CLANG_WARN_BOOL_CONVERSION = YES;
				CLANG_WARN_COMMA = YES;
				CLANG_WARN_CONSTANT_CONVERSION = YES;
				CLANG_WARN_DEPRECATED_OBJC_IMPLEMENTATIONS = YES;
				CLANG_WARN_DIRECT_OBJC_ISA_USAGE = YES_ERROR;
				CLANG_WARN_DOCUMENTATION_COMMENTS = YES;
				CLANG_WARN_EMPTY_BODY = YES;
				CLANG_WARN_ENUM_CONVERSION = YES;
				CLANG_WARN_INFINITE_RECURSION = YES;
				CLANG_WARN_INT_CONVERSION = YES;
				CLANG_WARN_NON_LITERAL_NULL_CONVERSION = YES;
				CLANG_WARN_OBJC_IMPLICIT_RETAIN_SELF = YES;
				CLANG_WARN_OBJC_LITERAL_CONVERSION = YES;
				CLANG_WARN_OBJC_ROOT_CLASS = YES_ERROR;
				CLANG_WARN_QUOTED_INCLUDE_IN_FRAMEWORK_HEADER = YES;
				CLANG_WARN_RANGE_LOOP_ANALYSIS = YES;
				CLANG_WARN_STRICT_PROTOTYPES = YES;
				CLANG_WARN_SUSPICIOUS_MOVE = YES;
				CLANG_WARN_UNGUARDED_AVAILABILITY = YES_AGGRESSIVE;
				CLANG_WARN_UNREACHABLE_CODE = YES;
				CLANG_WARN__DUPLICATE_METHOD_MATCH = YES;
				COPY_PHASE_STRIP = NO;
				DEBUG_INFORMATION_FORMAT = dwarf;
				ENABLE_STRICT_OBJC_MSGSEND = YES;
				ENABLE_TESTABILITY = YES;
				ENABLE_USER_SCRIPT_SANDBOXING = YES;
				GCC_C_LANGUAGE_STANDARD = gnu17;
				GCC_DYNAMIC_NO_PIC = NO;
				GCC_NO_COMMON_BLOCKS = YES;
				GCC_OPTIMIZATION_LEVEL = 0;
				GCC_PREPROCESSOR_DEFINITIONS = (
					"DEBUG=1",
					"$(inherited)",
				);
				GCC_WARN_64_TO_32_BIT_CONVERSION = YES;
				GCC_WARN_ABOUT_RETURN_TYPE = YES_ERROR;
				GCC_WARN_UNDECLARED_SELECTOR = YES;
				GCC_WARN_UNINITIALIZED_AUTOS = YES_AGGRESSIVE;
				GCC_WARN_UNUSED_FUNCTION = YES;
				GCC_WARN_UNUSED_VARIABLE = YES;
				IPHONEOS_DEPLOYMENT_TARGET = 18.0;
				LOCALIZATION_PREFERS_STRING_CATALOGS = YES;
				MTL_ENABLE_DEBUG_INFO = INCLUDE_SOURCE;
				MTL_FAST_MATH = YES;
				ONLY_ACTIVE_ARCH = YES;
				SDKROOT = iphoneos;
				SWIFT_ACTIVE_COMPILATION_CONDITIONS = "DEBUG $(inherited)";
				SWIFT_OPTIMIZATION_LEVEL = "-Onone";
			};
			name = Debug;
		};
		433A04582CE4979200E73A8E /* Release */ = {
			isa = XCBuildConfiguration;
			buildSettings = {
				ALWAYS_SEARCH_USER_PATHS = NO;
				ASSETCATALOG_COMPILER_GENERATE_SWIFT_ASSET_SYMBOL_EXTENSIONS = YES;
				CLANG_ANALYZER_NONNULL = YES;
				CLANG_ANALYZER_NUMBER_OBJECT_CONVERSION = YES_AGGRESSIVE;
				CLANG_CXX_LANGUAGE_STANDARD = "gnu++20";
				CLANG_ENABLE_MODULES = YES;
				CLANG_ENABLE_OBJC_ARC = YES;
				CLANG_ENABLE_OBJC_WEAK = YES;
				CLANG_WARN_BLOCK_CAPTURE_AUTORELEASING = YES;
				CLANG_WARN_BOOL_CONVERSION = YES;
				CLANG_WARN_COMMA = YES;
				CLANG_WARN_CONSTANT_CONVERSION = YES;
				CLANG_WARN_DEPRECATED_OBJC_IMPLEMENTATIONS = YES;
				CLANG_WARN_DIRECT_OBJC_ISA_USAGE = YES_ERROR;
				CLANG_WARN_DOCUMENTATION_COMMENTS = YES;
				CLANG_WARN_EMPTY_BODY = YES;
				CLANG_WARN_ENUM_CONVERSION = YES;
				CLANG_WARN_INFINITE_RECURSION = YES;
				CLANG_WARN_INT_CONVERSION = YES;
				CLANG_WARN_NON_LITERAL_NULL_CONVERSION = YES;
				CLANG_WARN_OBJC_IMPLICIT_RETAIN_SELF = YES;
				CLANG_WARN_OBJC_LITERAL_CONVERSION = YES;
				CLANG_WARN_OBJC_ROOT_CLASS = YES_ERROR;
				CLANG_WARN_QUOTED_INCLUDE_IN_FRAMEWORK_HEADER = YES;
				CLANG_WARN_RANGE_LOOP_ANALYSIS = YES;
				CLANG_WARN_STRICT_PROTOTYPES = YES;
				CLANG_WARN_SUSPICIOUS_MOVE = YES;
				CLANG_WARN_UNGUARDED_AVAILABILITY = YES_AGGRESSIVE;
				CLANG_WARN_UNREACHABLE_CODE = YES;
				CLANG_WARN__DUPLICATE_METHOD_MATCH = YES;
				COPY_PHASE_STRIP = NO;
				DEBUG_INFORMATION_FORMAT = "dwarf-with-dsym";
				ENABLE_NS_ASSERTIONS = NO;
				ENABLE_STRICT_OBJC_MSGSEND = YES;
				ENABLE_USER_SCRIPT_SANDBOXING = YES;
				GCC_C_LANGUAGE_STANDARD = gnu17;
				GCC_NO_COMMON_BLOCKS = YES;
				GCC_WARN_64_TO_32_BIT_CONVERSION = YES;
				GCC_WARN_ABOUT_RETURN_TYPE = YES_ERROR;
				GCC_WARN_UNDECLARED_SELECTOR = YES;
				GCC_WARN_UNINITIALIZED_AUTOS = YES_AGGRESSIVE;
				GCC_WARN_UNUSED_FUNCTION = YES;
				GCC_WARN_UNUSED_VARIABLE = YES;
				IPHONEOS_DEPLOYMENT_TARGET = 18.0;
				LOCALIZATION_PREFERS_STRING_CATALOGS = YES;
				MTL_ENABLE_DEBUG_INFO = NO;
				MTL_FAST_MATH = YES;
				SDKROOT = iphoneos;
				SWIFT_COMPILATION_MODE = wholemodule;
				VALIDATE_PRODUCT = YES;
			};
			name = Release;
		};
		433A045A2CE4979200E73A8E /* Debug */ = {
			isa = XCBuildConfiguration;
			buildSettings = {
				ASSETCATALOG_COMPILER_APPICON_NAME = AppIcon;
				ASSETCATALOG_COMPILER_GLOBAL_ACCENT_COLOR_NAME = AccentColor;
				CODE_SIGN_STYLE = Automatic;
				CURRENT_PROJECT_VERSION = 1;
				DEVELOPMENT_ASSET_PATHS = "\"$(SRCROOT)/Preview Content\"";
				DEVELOPMENT_TEAM = 93KZB66R3J;
				ENABLE_PREVIEWS = YES;
				GENERATE_INFOPLIST_FILE = YES;
				INFOPLIST_KEY_UIApplicationSceneManifest_Generation = YES;
				INFOPLIST_KEY_UIApplicationSupportsIndirectInputEvents = YES;
				INFOPLIST_KEY_UILaunchScreen_Generation = YES;
				INFOPLIST_KEY_UISupportedInterfaceOrientations_iPad = "UIInterfaceOrientationPortrait UIInterfaceOrientationPortraitUpsideDown UIInterfaceOrientationLandscapeLeft UIInterfaceOrientationLandscapeRight";
				INFOPLIST_KEY_UISupportedInterfaceOrientations_iPhone = "UIInterfaceOrientationPortrait UIInterfaceOrientationLandscapeLeft UIInterfaceOrientationLandscapeRight";
				LD_RUNPATH_SEARCH_PATHS = (
					"$(inherited)",
					"@executable_path/Frameworks",
				);
				MARKETING_VERSION = 1.0;
				PRODUCT_BUNDLE_IDENTIFIER = kuroishihiromu.SelfPomodoro;
				PRODUCT_NAME = "$(TARGET_NAME)";
				SWIFT_EMIT_LOC_STRINGS = YES;
				SWIFT_VERSION = 5.0;
				TARGETED_DEVICE_FAMILY = "1,2";
			};
			name = Debug;
		};
		433A045B2CE4979200E73A8E /* Release */ = {
			isa = XCBuildConfiguration;
			buildSettings = {
				ASSETCATALOG_COMPILER_APPICON_NAME = AppIcon;
				ASSETCATALOG_COMPILER_GLOBAL_ACCENT_COLOR_NAME = AccentColor;
				CODE_SIGN_STYLE = Automatic;
				CURRENT_PROJECT_VERSION = 1;
				DEVELOPMENT_ASSET_PATHS = "\"$(SRCROOT)/Preview Content\"";
				DEVELOPMENT_TEAM = 93KZB66R3J;
				ENABLE_PREVIEWS = YES;
				GENERATE_INFOPLIST_FILE = YES;
				INFOPLIST_KEY_UIApplicationSceneManifest_Generation = YES;
				INFOPLIST_KEY_UIApplicationSupportsIndirectInputEvents = YES;
				INFOPLIST_KEY_UILaunchScreen_Generation = YES;
				INFOPLIST_KEY_UISupportedInterfaceOrientations_iPad = "UIInterfaceOrientationPortrait UIInterfaceOrientationPortraitUpsideDown UIInterfaceOrientationLandscapeLeft UIInterfaceOrientationLandscapeRight";
				INFOPLIST_KEY_UISupportedInterfaceOrientations_iPhone = "UIInterfaceOrientationPortrait UIInterfaceOrientationLandscapeLeft UIInterfaceOrientationLandscapeRight";
				LD_RUNPATH_SEARCH_PATHS = (
					"$(inherited)",
					"@executable_path/Frameworks",
				);
				MARKETING_VERSION = 1.0;
				PRODUCT_BUNDLE_IDENTIFIER = kuroishihiromu.SelfPomodoro;
				PRODUCT_NAME = "$(TARGET_NAME)";
				SWIFT_EMIT_LOC_STRINGS = YES;
				SWIFT_VERSION = 5.0;
				TARGETED_DEVICE_FAMILY = "1,2";
			};
			name = Release;
		};
		433A045D2CE4979200E73A8E /* Debug */ = {
			isa = XCBuildConfiguration;
			buildSettings = {
				BUNDLE_LOADER = "$(TEST_HOST)";
				CODE_SIGN_STYLE = Automatic;
				CURRENT_PROJECT_VERSION = 1;
				DEVELOPMENT_TEAM = 93KZB66R3J;
				GENERATE_INFOPLIST_FILE = YES;
				IPHONEOS_DEPLOYMENT_TARGET = 18.0;
				MARKETING_VERSION = 1.0;
				PRODUCT_BUNDLE_IDENTIFIER = kuroishihiromu.SelfPomodoroTests;
				PRODUCT_NAME = "$(TARGET_NAME)";
				SWIFT_EMIT_LOC_STRINGS = NO;
				SWIFT_VERSION = 5.0;
				TARGETED_DEVICE_FAMILY = "1,2";
				TEST_HOST = "$(BUILT_PRODUCTS_DIR)/SelfPomodoro.app/$(BUNDLE_EXECUTABLE_FOLDER_PATH)/SelfPomodoro";
			};
			name = Debug;
		};
		433A045E2CE4979200E73A8E /* Release */ = {
			isa = XCBuildConfiguration;
			buildSettings = {
				BUNDLE_LOADER = "$(TEST_HOST)";
				CODE_SIGN_STYLE = Automatic;
				CURRENT_PROJECT_VERSION = 1;
				DEVELOPMENT_TEAM = 93KZB66R3J;
				GENERATE_INFOPLIST_FILE = YES;
				IPHONEOS_DEPLOYMENT_TARGET = 18.0;
				MARKETING_VERSION = 1.0;
				PRODUCT_BUNDLE_IDENTIFIER = kuroishihiromu.SelfPomodoroTests;
				PRODUCT_NAME = "$(TARGET_NAME)";
				SWIFT_EMIT_LOC_STRINGS = NO;
				SWIFT_VERSION = 5.0;
				TARGETED_DEVICE_FAMILY = "1,2";
				TEST_HOST = "$(BUILT_PRODUCTS_DIR)/SelfPomodoro.app/$(BUNDLE_EXECUTABLE_FOLDER_PATH)/SelfPomodoro";
			};
			name = Release;
		};
		433A04602CE4979200E73A8E /* Debug */ = {
			isa = XCBuildConfiguration;
			buildSettings = {
				CODE_SIGN_STYLE = Automatic;
				CURRENT_PROJECT_VERSION = 1;
				DEVELOPMENT_TEAM = 93KZB66R3J;
				GENERATE_INFOPLIST_FILE = YES;
				MARKETING_VERSION = 1.0;
				PRODUCT_BUNDLE_IDENTIFIER = kuroishihiromu.SelfPomodoroUITests;
				PRODUCT_NAME = "$(TARGET_NAME)";
				SWIFT_EMIT_LOC_STRINGS = NO;
				SWIFT_VERSION = 5.0;
				TARGETED_DEVICE_FAMILY = "1,2";
				TEST_TARGET_NAME = SelfPomodoro;
			};
			name = Debug;
		};
		433A04612CE4979200E73A8E /* Release */ = {
			isa = XCBuildConfiguration;
			buildSettings = {
				CODE_SIGN_STYLE = Automatic;
				CURRENT_PROJECT_VERSION = 1;
				DEVELOPMENT_TEAM = 93KZB66R3J;
				GENERATE_INFOPLIST_FILE = YES;
				MARKETING_VERSION = 1.0;
				PRODUCT_BUNDLE_IDENTIFIER = kuroishihiromu.SelfPomodoroUITests;
				PRODUCT_NAME = "$(TARGET_NAME)";
				SWIFT_EMIT_LOC_STRINGS = NO;
				SWIFT_VERSION = 5.0;
				TARGETED_DEVICE_FAMILY = "1,2";
				TEST_TARGET_NAME = SelfPomodoro;
			};
			name = Release;
		};
/* End XCBuildConfiguration section */

/* Begin XCConfigurationList section */
		433A04302CE4979100E73A8E /* Build configuration list for PBXProject "SelfPomodoro" */ = {
			isa = XCConfigurationList;
			buildConfigurations = (
				433A04572CE4979200E73A8E /* Debug */,
				433A04582CE4979200E73A8E /* Release */,
			);
			defaultConfigurationIsVisible = 0;
			defaultConfigurationName = Release;
		};
		433A04592CE4979200E73A8E /* Build configuration list for PBXNativeTarget "SelfPomodoro" */ = {
			isa = XCConfigurationList;
			buildConfigurations = (
				433A045A2CE4979200E73A8E /* Debug */,
				433A045B2CE4979200E73A8E /* Release */,
			);
			defaultConfigurationIsVisible = 0;
			defaultConfigurationName = Release;
		};
		433A045C2CE4979200E73A8E /* Build configuration list for PBXNativeTarget "SelfPomodoroTests" */ = {
			isa = XCConfigurationList;
			buildConfigurations = (
				433A045D2CE4979200E73A8E /* Debug */,
				433A045E2CE4979200E73A8E /* Release */,
			);
			defaultConfigurationIsVisible = 0;
			defaultConfigurationName = Release;
		};
		433A045F2CE4979200E73A8E /* Build configuration list for PBXNativeTarget "SelfPomodoroUITests" */ = {
			isa = XCConfigurationList;
			buildConfigurations = (
				433A04602CE4979200E73A8E /* Debug */,
				433A04612CE4979200E73A8E /* Release */,
			);
			defaultConfigurationIsVisible = 0;
			defaultConfigurationName = Release;
		};
/* End XCConfigurationList section */

/* Begin XCRemoteSwiftPackageReference section */
		439F0F6C2D350ED900C3D3F4 /* XCRemoteSwiftPackageReference "supabase-swift" */ = {
			isa = XCRemoteSwiftPackageReference;
			repositoryURL = "https://github.com/supabase/supabase-swift";
			requirement = {
				kind = upToNextMajorVersion;
				minimumVersion = 2.5.1;
			};
		};
		43E2CFC72DA359F700E2B820 /* XCRemoteSwiftPackageReference "swift-composable-architecture" */ = {
			isa = XCRemoteSwiftPackageReference;
			repositoryURL = "https://github.com/pointfreeco/swift-composable-architecture#basic-usage";
			requirement = {
				kind = upToNextMajorVersion;
				minimumVersion = 1.19.0;
			};
		};
/* End XCRemoteSwiftPackageReference section */

/* Begin XCSwiftPackageProductDependency section */
		439F0F6D2D350EE100C3D3F4 /* Auth */ = {
			isa = XCSwiftPackageProductDependency;
			package = 439F0F6C2D350ED900C3D3F4 /* XCRemoteSwiftPackageReference "supabase-swift" */;
			productName = Auth;
		};
		439F0F6F2D350EE100C3D3F4 /* Functions */ = {
			isa = XCSwiftPackageProductDependency;
			package = 439F0F6C2D350ED900C3D3F4 /* XCRemoteSwiftPackageReference "supabase-swift" */;
			productName = Functions;
		};
		439F0F712D350EE100C3D3F4 /* PostgREST */ = {
			isa = XCSwiftPackageProductDependency;
			package = 439F0F6C2D350ED900C3D3F4 /* XCRemoteSwiftPackageReference "supabase-swift" */;
			productName = PostgREST;
		};
		439F0F732D350EE100C3D3F4 /* Realtime */ = {
			isa = XCSwiftPackageProductDependency;
			package = 439F0F6C2D350ED900C3D3F4 /* XCRemoteSwiftPackageReference "supabase-swift" */;
			productName = Realtime;
		};
		439F0F752D350EE100C3D3F4 /* Storage */ = {
			isa = XCSwiftPackageProductDependency;
			package = 439F0F6C2D350ED900C3D3F4 /* XCRemoteSwiftPackageReference "supabase-swift" */;
			productName = Storage;
		};
		439F0F772D350EE100C3D3F4 /* Supabase */ = {
			isa = XCSwiftPackageProductDependency;
			package = 439F0F6C2D350ED900C3D3F4 /* XCRemoteSwiftPackageReference "supabase-swift" */;
			productName = Supabase;
		};
		43E2CFC82DA35A0300E2B820 /* ComposableArchitecture */ = {
			isa = XCSwiftPackageProductDependency;
			package = 43E2CFC72DA359F700E2B820 /* XCRemoteSwiftPackageReference "swift-composable-architecture" */;
			productName = ComposableArchitecture;
		};
/* End XCSwiftPackageProductDependency section */
	};
	rootObject = 433A042D2CE4979100E73A8E /* Project object */;
}
